
Microsoft Visual Studio Solution File, Format Version 12.00
# Visual Studio 2013
VisualStudioVersion = 12.0.31101.0
MinimumVisualStudioVersion = 10.0.40219.1
Project("{888888A0-9F3D-457C-B088-3A5042F75D52}") = "001_py_multiples_of_3_and_5", "001_py_multiples_of_3_and_5\001_py_multiples_of_3_and_5.pyproj", "{9A44A12D-FA26-49DB-BE67-546694AB32C3}"
EndProject
Project("{8BC9CEB8-8B4A-11D0-8D11-00A0C91BC942}") = "002_cpp_even_fibonacci_numbers", "002_cpp_even_fibonacci_numbers\002_cpp_even_fibonacci_numbers.vcxproj", "{0505FACF-0625-4535-B336-8FDC33638FA7}"
EndProject
Project("{888888A0-9F3D-457C-B088-3A5042F75D52}") = "003_py_largest_prime_factor", "003_py_largest_prime_factor\003_py_largest_prime_factor.pyproj", "{447B8C6C-3BC7-44DF-ABFC-FB1BA6C728C2}"
EndProject
Project("{8BC9CEB8-8B4A-11D0-8D11-00A0C91BC942}") = "004_cpp_largest_palindrome_product", "004_cpp_largest_palindrome_product\004_cpp_largest_palindrome_product.vcxproj", "{BBF944DD-74F8-40DF-8C03-899360BC510F}"
EndProject
Project("{8BC9CEB8-8B4A-11D0-8D11-00A0C91BC942}") = "005_cpp_smallest_multiple", "005_cpp_smallest_multiple\005_cpp_smallest_multiple.vcxproj", "{04CE7983-E2D3-423C-9F37-6B9CB4BAFDE2}"
EndProject
Project("{2150E333-8FDC-42A3-9474-1A3956D46DE8}") = "Solution Items", "Solution Items", "{FC905F25-B64E-4F71-B7C9-D46AE2E88454}"
	ProjectSection(SolutionItems) = preProject
		..\readme.md = ..\readme.md
	EndProjectSection
EndProject
Project("{888888A0-9F3D-457C-B088-3A5042F75D52}") = "006_py_sum_square_difference", "006_py_sum_square_difference\006_py_sum_square_difference.pyproj", "{4CF1F457-81A2-488B-863E-3D71BD127B73}"
EndProject
Global
	GlobalSection(SolutionConfigurationPlatforms) = preSolution
		Debug|Any CPU = Debug|Any CPU
		Debug|Mixed Platforms = Debug|Mixed Platforms
		Debug|Win32 = Debug|Win32
		Release|Any CPU = Release|Any CPU
		Release|Mixed Platforms = Release|Mixed Platforms
		Release|Win32 = Release|Win32
	EndGlobalSection
	GlobalSection(ProjectConfigurationPlatforms) = postSolution
		{9A44A12D-FA26-49DB-BE67-546694AB32C3}.Debug|Any CPU.ActiveCfg = Debug|Any CPU
		{9A44A12D-FA26-49DB-BE67-546694AB32C3}.Debug|Any CPU.Build.0 = Debug|Any CPU
		{9A44A12D-FA26-49DB-BE67-546694AB32C3}.Debug|Mixed Platforms.ActiveCfg = Debug|Any CPU
		{9A44A12D-FA26-49DB-BE67-546694AB32C3}.Debug|Mixed Platforms.Build.0 = Debug|Any CPU
		{9A44A12D-FA26-49DB-BE67-546694AB32C3}.Debug|Win32.ActiveCfg = Debug|Any CPU
		{9A44A12D-FA26-49DB-BE67-546694AB32C3}.Release|Any CPU.ActiveCfg = Release|Any CPU
		{9A44A12D-FA26-49DB-BE67-546694AB32C3}.Release|Any CPU.Build.0 = Release|Any CPU
		{9A44A12D-FA26-49DB-BE67-546694AB32C3}.Release|Mixed Platforms.ActiveCfg = Release|Any CPU
		{9A44A12D-FA26-49DB-BE67-546694AB32C3}.Release|Mixed Platforms.Build.0 = Release|Any CPU
		{9A44A12D-FA26-49DB-BE67-546694AB32C3}.Release|Win32.ActiveCfg = Release|Any CPU
		{0505FACF-0625-4535-B336-8FDC33638FA7}.Debug|Any CPU.ActiveCfg = Debug|Win32
		{0505FACF-0625-4535-B336-8FDC33638FA7}.Debug|Mixed Platforms.ActiveCfg = Debug|Win32
		{0505FACF-0625-4535-B336-8FDC33638FA7}.Debug|Mixed Platforms.Build.0 = Debug|Win32
		{0505FACF-0625-4535-B336-8FDC33638FA7}.Debug|Win32.ActiveCfg = Debug|Win32
		{0505FACF-0625-4535-B336-8FDC33638FA7}.Debug|Win32.Build.0 = Debug|Win32
		{0505FACF-0625-4535-B336-8FDC33638FA7}.Release|Any CPU.ActiveCfg = Release|Win32
		{0505FACF-0625-4535-B336-8FDC33638FA7}.Release|Mixed Platforms.ActiveCfg = Release|Win32
		{0505FACF-0625-4535-B336-8FDC33638FA7}.Release|Mixed Platforms.Build.0 = Release|Win32
		{0505FACF-0625-4535-B336-8FDC33638FA7}.Release|Win32.ActiveCfg = Release|Win32
		{0505FACF-0625-4535-B336-8FDC33638FA7}.Release|Win32.Build.0 = Release|Win32
		{447B8C6C-3BC7-44DF-ABFC-FB1BA6C728C2}.Debug|Any CPU.ActiveCfg = Debug|Any CPU
		{447B8C6C-3BC7-44DF-ABFC-FB1BA6C728C2}.Debug|Any CPU.Build.0 = Debug|Any CPU
		{447B8C6C-3BC7-44DF-ABFC-FB1BA6C728C2}.Debug|Mixed Platforms.ActiveCfg = Debug|Any CPU
		{447B8C6C-3BC7-44DF-ABFC-FB1BA6C728C2}.Debug|Mixed Platforms.Build.0 = Debug|Any CPU
		{447B8C6C-3BC7-44DF-ABFC-FB1BA6C728C2}.Debug|Win32.ActiveCfg = Debug|Any CPU
		{447B8C6C-3BC7-44DF-ABFC-FB1BA6C728C2}.Release|Any CPU.ActiveCfg = Release|Any CPU
		{447B8C6C-3BC7-44DF-ABFC-FB1BA6C728C2}.Release|Any CPU.Build.0 = Release|Any CPU
		{447B8C6C-3BC7-44DF-ABFC-FB1BA6C728C2}.Release|Mixed Platforms.ActiveCfg = Release|Any CPU
		{447B8C6C-3BC7-44DF-ABFC-FB1BA6C728C2}.Release|Mixed Platforms.Build.0 = Release|Any CPU
		{447B8C6C-3BC7-44DF-ABFC-FB1BA6C728C2}.Release|Win32.ActiveCfg = Release|Any CPU
		{BBF944DD-74F8-40DF-8C03-899360BC510F}.Debug|Any CPU.ActiveCfg = Debug|Win32
		{BBF944DD-74F8-40DF-8C03-899360BC510F}.Debug|Mixed Platforms.ActiveCfg = Debug|Win32
		{BBF944DD-74F8-40DF-8C03-899360BC510F}.Debug|Mixed Platforms.Build.0 = Debug|Win32
		{BBF944DD-74F8-40DF-8C03-899360BC510F}.Debug|Win32.ActiveCfg = Debug|Win32
		{BBF944DD-74F8-40DF-8C03-899360BC510F}.Debug|Win32.Build.0 = Debug|Win32
		{BBF944DD-74F8-40DF-8C03-899360BC510F}.Release|Any CPU.ActiveCfg = Release|Win32
		{BBF944DD-74F8-40DF-8C03-899360BC510F}.Release|Mixed Platforms.ActiveCfg = Release|Win32
		{BBF944DD-74F8-40DF-8C03-899360BC510F}.Release|Mixed Platforms.Build.0 = Release|Win32
		{BBF944DD-74F8-40DF-8C03-899360BC510F}.Release|Win32.ActiveCfg = Release|Win32
		{BBF944DD-74F8-40DF-8C03-899360BC510F}.Release|Win32.Build.0 = Release|Win32
		{04CE7983-E2D3-423C-9F37-6B9CB4BAFDE2}.Debug|Any CPU.ActiveCfg = Debug|Win32
		{04CE7983-E2D3-423C-9F37-6B9CB4BAFDE2}.Debug|Mixed Platforms.ActiveCfg = Debug|Win32
		{04CE7983-E2D3-423C-9F37-6B9CB4BAFDE2}.Debug|Mixed Platforms.Build.0 = Debug|Win32
		{04CE7983-E2D3-423C-9F37-6B9CB4BAFDE2}.Debug|Win32.ActiveCfg = Debug|Win32
		{04CE7983-E2D3-423C-9F37-6B9CB4BAFDE2}.Debug|Win32.Build.0 = Debug|Win32
		{04CE7983-E2D3-423C-9F37-6B9CB4BAFDE2}.Release|Any CPU.ActiveCfg = Release|Win32
		{04CE7983-E2D3-423C-9F37-6B9CB4BAFDE2}.Release|Mixed Platforms.ActiveCfg = Release|Win32
		{04CE7983-E2D3-423C-9F37-6B9CB4BAFDE2}.Release|Mixed Platforms.Build.0 = Release|Win32
		{04CE7983-E2D3-423C-9F37-6B9CB4BAFDE2}.Release|Win32.ActiveCfg = Release|Win32
		{04CE7983-E2D3-423C-9F37-6B9CB4BAFDE2}.Release|Win32.Build.0 = Release|Win32
		{4CF1F457-81A2-488B-863E-3D71BD127B73}.Debug|Any CPU.ActiveCfg = Debug|Any CPU
		{4CF1F457-81A2-488B-863E-3D71BD127B73}.Debug|Any CPU.Build.0 = Debug|Any CPU
		{4CF1F457-81A2-488B-863E-3D71BD127B73}.Debug|Mixed Platforms.ActiveCfg = Debug|Any CPU
		{4CF1F457-81A2-488B-863E-3D71BD127B73}.Debug|Mixed Platforms.Build.0 = Debug|Any CPU
		{4CF1F457-81A2-488B-863E-3D71BD127B73}.Debug|Win32.ActiveCfg = Debug|Any CPU
		{4CF1F457-81A2-488B-863E-3D71BD127B73}.Release|Any CPU.ActiveCfg = Release|Any CPU
		{4CF1F457-81A2-488B-863E-3D71BD127B73}.Release|Any CPU.Build.0 = Release|Any CPU
		{4CF1F457-81A2-488B-863E-3D71BD127B73}.Release|Mixed Platforms.ActiveCfg = Release|Any CPU
		{4CF1F457-81A2-488B-863E-3D71BD127B73}.Release|Mixed Platforms.Build.0 = Release|Any CPU
		{4CF1F457-81A2-488B-863E-3D71BD127B73}.Release|Win32.ActiveCfg = Release|Any CPU
	EndGlobalSection
	GlobalSection(SolutionProperties) = preSolution
		HideSolutionNode = FALSE
	EndGlobalSection
EndGlobal
